
Microsoft Visual Studio Solution File, Format Version 12.00
# Visual Studio Version 17
VisualStudioVersion = 17.5.002.0
MinimumVisualStudioVersion = 10.0.40219.1
Project("{2150E333-8FDC-42A3-9474-1A3956D46DE8}") = "csharp-prep", "csharp-prep", "{75F1EB7A-5716-49B1-BD42-625DF42A5DEE}"
EndProject
Project("{9A19103F-16F7-4668-BE54-9A1E7A4F7556}") = "Prep1", "csharp-prep\Prep1\Prep1.csproj", "{11EFE286-C0A9-4F6F-89FF-D5203C9E54B8}"
EndProject
Project("{9A19103F-16F7-4668-BE54-9A1E7A4F7556}") = "Prep2", "csharp-prep\Prep2\Prep2.csproj", "{31B000E2-ADA7-4F32-805C-C152E5391103}"
EndProject
Project("{9A19103F-16F7-4668-BE54-9A1E7A4F7556}") = "Prep3", "csharp-prep\Prep3\Prep3.csproj", "{6124C51B-4F67-4BA3-9845-9DEC7A09CBB6}"
EndProject
Project("{9A19103F-16F7-4668-BE54-9A1E7A4F7556}") = "Prep4", "csharp-prep\Prep4\Prep4.csproj", "{A48AE881-101D-4038-9205-A20E672EAD8C}"
EndProject
Project("{9A19103F-16F7-4668-BE54-9A1E7A4F7556}") = "Prep5", "csharp-prep\Prep5\Prep5.csproj", "{63491D92-5216-4B1A-A9C8-29EE090B0258}"
EndProject
Project("{2150E333-8FDC-42A3-9474-1A3956D46DE8}") = "final", "final", "{BDA24754-6F69-4980-BCC2-4ADC87FB0F85}"
EndProject
Project("{9A19103F-16F7-4668-BE54-9A1E7A4F7556}") = "FinalProject", "final\FinalProject\FinalProject.csproj", "{9003CFB2-1E28-4A81-BE42-8F205F5FC561}"
EndProject
Project("{9A19103F-16F7-4668-BE54-9A1E7A4F7556}") = "Foundation1", "final\Foundation1\Foundation1.csproj", "{8D36C5FB-AA87-413B-B1F0-C551AC75D248}"
EndProject
Project("{9A19103F-16F7-4668-BE54-9A1E7A4F7556}") = "Foundation2", "final\Foundation2\Foundation2.csproj", "{BF1A10C2-761B-4D8E-BDC5-A2E0758F94E4}"
EndProject
Project("{9A19103F-16F7-4668-BE54-9A1E7A4F7556}") = "Foundation3", "final\Foundation3\Foundation3.csproj", "{99385414-F4E6-4ECE-9B27-6E403073378C}"
EndProject
Project("{9A19103F-16F7-4668-BE54-9A1E7A4F7556}") = "Foundation4", "final\Foundation4\Foundation4.csproj", "{4833E2E7-2567-4D47-9C30-227672D24661}"
EndProject
Project("{2150E333-8FDC-42A3-9474-1A3956D46DE8}") = "prepare", "prepare", "{A6DB712D-DB6A-4F5B-8004-51B8D5B3B49E}"
EndProject
Project("{9A19103F-16F7-4668-BE54-9A1E7A4F7556}") = "Learning02", "prepare\Learning02\Learning02.csproj", "{86C97C55-5D26-4D6A-A510-CEAAA08392FE}"
EndProject
Project("{9A19103F-16F7-4668-BE54-9A1E7A4F7556}") = "Learning03", "prepare\Learning03\Learning03.csproj", "{51798E44-2CAC-4DCB-BB4A-6AC035B9EFA8}"
EndProject
Project("{9A19103F-16F7-4668-BE54-9A1E7A4F7556}") = "Learning04", "prepare\Learning04\Learning04.csproj", "{13BDDE8F-7954-492F-B667-D8A43A193E58}"
EndProject
Project("{9A19103F-16F7-4668-BE54-9A1E7A4F7556}") = "Learning05", "prepare\Learning05\Learning05.csproj", "{2FC0388C-6A04-4182-B5B6-337EDC98481D}"
EndProject
Project("{2150E333-8FDC-42A3-9474-1A3956D46DE8}") = "prove", "prove", "{0C4D2A75-32AF-43E3-8584-2BC26D125C8B}"
EndProject
Project("{9A19103F-16F7-4668-BE54-9A1E7A4F7556}") = "Develop02", "prove\Develop02\Develop02.csproj", "{155EDDEA-32D0-47E0-85A3-3D7079C89C08}"
EndProject
Project("{9A19103F-16F7-4668-BE54-9A1E7A4F7556}") = "Develop03", "prove\Develop03\Develop03.csproj", "{0A26FC3E-39CE-4B4B-9DD3-385B8312A8E8}"
EndProject
Project("{9A19103F-16F7-4668-BE54-9A1E7A4F7556}") = "Develop04", "prove\Develop04\Develop04.csproj", "{B83671CE-A6CC-4E04-9585-B687B60C6957}"
EndProject
Project("{9A19103F-16F7-4668-BE54-9A1E7A4F7556}") = "Develop05", "prove\Develop05\Develop05.csproj", "{E95A82D8-5136-4D56-ACF7-F89A9280344F}"
EndProject
Project("{2150E333-8FDC-42A3-9474-1A3956D46DE8}") = "sandbox", "sandbox", "{FA3784E8-8F93-4B1E-A524-58A1B56A6ED3}"
EndProject
Project("{9A19103F-16F7-4668-BE54-9A1E7A4F7556}") = "Sandbox", "sandbox\Sandbox\Sandbox.csproj", "{DDE8221E-2E63-4C28-A259-0E4F2EE4C7B5}"
EndProject
Global
	GlobalSection(SolutionConfigurationPlatforms) = preSolution
		Debug|Any CPU = Debug|Any CPU
		Release|Any CPU = Release|Any CPU
	EndGlobalSection
	GlobalSection(ProjectConfigurationPlatforms) = postSolution
		{11EFE286-C0A9-4F6F-89FF-D5203C9E54B8}.Debug|Any CPU.ActiveCfg = Debug|Any CPU
		{11EFE286-C0A9-4F6F-89FF-D5203C9E54B8}.Debug|Any CPU.Build.0 = Debug|Any CPU
		{11EFE286-C0A9-4F6F-89FF-D5203C9E54B8}.Release|Any CPU.ActiveCfg = Release|Any CPU
		{11EFE286-C0A9-4F6F-89FF-D5203C9E54B8}.Release|Any CPU.Build.0 = Release|Any CPU
		{31B000E2-ADA7-4F32-805C-C152E5391103}.Debug|Any CPU.ActiveCfg = Debug|Any CPU
		{31B000E2-ADA7-4F32-805C-C152E5391103}.Debug|Any CPU.Build.0 = Debug|Any CPU
		{31B000E2-ADA7-4F32-805C-C152E5391103}.Release|Any CPU.ActiveCfg = Release|Any CPU
		{31B000E2-ADA7-4F32-805C-C152E5391103}.Release|Any CPU.Build.0 = Release|Any CPU
		{6124C51B-4F67-4BA3-9845-9DEC7A09CBB6}.Debug|Any CPU.ActiveCfg = Debug|Any CPU
		{6124C51B-4F67-4BA3-9845-9DEC7A09CBB6}.Debug|Any CPU.Build.0 = Debug|Any CPU
		{6124C51B-4F67-4BA3-9845-9DEC7A09CBB6}.Release|Any CPU.ActiveCfg = Release|Any CPU
		{6124C51B-4F67-4BA3-9845-9DEC7A09CBB6}.Release|Any CPU.Build.0 = Release|Any CPU
		{A48AE881-101D-4038-9205-A20E672EAD8C}.Debug|Any CPU.ActiveCfg = Debug|Any CPU
		{A48AE881-101D-4038-9205-A20E672EAD8C}.Debug|Any CPU.Build.0 = Debug|Any CPU
		{A48AE881-101D-4038-9205-A20E672EAD8C}.Release|Any CPU.ActiveCfg = Release|Any CPU
		{A48AE881-101D-4038-9205-A20E672EAD8C}.Release|Any CPU.Build.0 = Release|Any CPU
		{63491D92-5216-4B1A-A9C8-29EE090B0258}.Debug|Any CPU.ActiveCfg = Debug|Any CPU
		{63491D92-5216-4B1A-A9C8-29EE090B0258}.Debug|Any CPU.Build.0 = Debug|Any CPU
		{63491D92-5216-4B1A-A9C8-29EE090B0258}.Release|Any CPU.ActiveCfg = Release|Any CPU
		{63491D92-5216-4B1A-A9C8-29EE090B0258}.Release|Any CPU.Build.0 = Release|Any CPU
		{9003CFB2-1E28-4A81-BE42-8F205F5FC561}.Debug|Any CPU.ActiveCfg = Debug|Any CPU
		{9003CFB2-1E28-4A81-BE42-8F205F5FC561}.Debug|Any CPU.Build.0 = Debug|Any CPU
		{9003CFB2-1E28-4A81-BE42-8F205F5FC561}.Release|Any CPU.ActiveCfg = Release|Any CPU
		{9003CFB2-1E28-4A81-BE42-8F205F5FC561}.Release|Any CPU.Build.0 = Release|Any CPU
		{8D36C5FB-AA87-413B-B1F0-C551AC75D248}.Debug|Any CPU.ActiveCfg = Debug|Any CPU
		{8D36C5FB-AA87-413B-B1F0-C551AC75D248}.Debug|Any CPU.Build.0 = Debug|Any CPU
		{8D36C5FB-AA87-413B-B1F0-C551AC75D248}.Release|Any CPU.ActiveCfg = Release|Any CPU
		{8D36C5FB-AA87-413B-B1F0-C551AC75D248}.Release|Any CPU.Build.0 = Release|Any CPU
		{BF1A10C2-761B-4D8E-BDC5-A2E0758F94E4}.Debug|Any CPU.ActiveCfg = Debug|Any CPU
		{BF1A10C2-761B-4D8E-BDC5-A2E0758F94E4}.Debug|Any CPU.Build.0 = Debug|Any CPU
		{BF1A10C2-761B-4D8E-BDC5-A2E0758F94E4}.Release|Any CPU.ActiveCfg = Release|Any CPU
		{BF1A10C2-761B-4D8E-BDC5-A2E0758F94E4}.Release|Any CPU.Build.0 = Release|Any CPU
		{99385414-F4E6-4ECE-9B27-6E403073378C}.Debug|Any CPU.ActiveCfg = Debug|Any CPU
		{99385414-F4E6-4ECE-9B27-6E403073378C}.Debug|Any CPU.Build.0 = Debug|Any CPU
		{99385414-F4E6-4ECE-9B27-6E403073378C}.Release|Any CPU.ActiveCfg = Release|Any CPU
		{99385414-F4E6-4ECE-9B27-6E403073378C}.Release|Any CPU.Build.0 = Release|Any CPU
		{4833E2E7-2567-4D47-9C30-227672D24661}.Debug|Any CPU.ActiveCfg = Debug|Any CPU
		{4833E2E7-2567-4D47-9C30-227672D24661}.Debug|Any CPU.Build.0 = Debug|Any CPU
		{4833E2E7-2567-4D47-9C30-227672D24661}.Release|Any CPU.ActiveCfg = Release|Any CPU
		{4833E2E7-2567-4D47-9C30-227672D24661}.Release|Any CPU.Build.0 = Release|Any CPU
		{86C97C55-5D26-4D6A-A510-CEAAA08392FE}.Debug|Any CPU.ActiveCfg = Debug|Any CPU
		{86C97C55-5D26-4D6A-A510-CEAAA08392FE}.Debug|Any CPU.Build.0 = Debug|Any CPU
		{86C97C55-5D26-4D6A-A510-CEAAA08392FE}.Release|Any CPU.ActiveCfg = Release|Any CPU
		{86C97C55-5D26-4D6A-A510-CEAAA08392FE}.Release|Any CPU.Build.0 = Release|Any CPU
		{51798E44-2CAC-4DCB-BB4A-6AC035B9EFA8}.Debug|Any CPU.ActiveCfg = Debug|Any CPU
		{51798E44-2CAC-4DCB-BB4A-6AC035B9EFA8}.Debug|Any CPU.Build.0 = Debug|Any CPU
		{51798E44-2CAC-4DCB-BB4A-6AC035B9EFA8}.Release|Any CPU.ActiveCfg = Release|Any CPU
		{51798E44-2CAC-4DCB-BB4A-6AC035B9EFA8}.Release|Any CPU.Build.0 = Release|Any CPU
		{13BDDE8F-7954-492F-B667-D8A43A193E58}.Debug|Any CPU.ActiveCfg = Debug|Any CPU
		{13BDDE8F-7954-492F-B667-D8A43A193E58}.Debug|Any CPU.Build.0 = Debug|Any CPU
		{13BDDE8F-7954-492F-B667-D8A43A193E58}.Release|Any CPU.ActiveCfg = Release|Any CPU
		{13BDDE8F-7954-492F-B667-D8A43A193E58}.Release|Any CPU.Build.0 = Release|Any CPU
		{2FC0388C-6A04-4182-B5B6-337EDC98481D}.Debug|Any CPU.ActiveCfg = Debug|Any CPU
		{2FC0388C-6A04-4182-B5B6-337EDC98481D}.Debug|Any CPU.Build.0 = Debug|Any CPU
		{2FC0388C-6A04-4182-B5B6-337EDC98481D}.Release|Any CPU.ActiveCfg = Release|Any CPU
		{2FC0388C-6A04-4182-B5B6-337EDC98481D}.Release|Any CPU.Build.0 = Release|Any CPU
		{155EDDEA-32D0-47E0-85A3-3D7079C89C08}.Debug|Any CPU.ActiveCfg = Debug|Any CPU
		{155EDDEA-32D0-47E0-85A3-3D7079C89C08}.Debug|Any CPU.Build.0 = Debug|Any CPU
		{155EDDEA-32D0-47E0-85A3-3D7079C89C08}.Release|Any CPU.ActiveCfg = Release|Any CPU
		{155EDDEA-32D0-47E0-85A3-3D7079C89C08}.Release|Any CPU.Build.0 = Release|Any CPU
		{0A26FC3E-39CE-4B4B-9DD3-385B8312A8E8}.Debug|Any CPU.ActiveCfg = Debug|Any CPU
		{0A26FC3E-39CE-4B4B-9DD3-385B8312A8E8}.Debug|Any CPU.Build.0 = Debug|Any CPU
		{0A26FC3E-39CE-4B4B-9DD3-385B8312A8E8}.Release|Any CPU.ActiveCfg = Release|Any CPU
		{0A26FC3E-39CE-4B4B-9DD3-385B8312A8E8}.Release|Any CPU.Build.0 = Release|Any CPU
		{B83671CE-A6CC-4E04-9585-B687B60C6957}.Debug|Any CPU.ActiveCfg = Debug|Any CPU
		{B83671CE-A6CC-4E04-9585-B687B60C6957}.Debug|Any CPU.Build.0 = Debug|Any CPU
		{B83671CE-A6CC-4E04-9585-B687B60C6957}.Release|Any CPU.ActiveCfg = Release|Any CPU
		{B83671CE-A6CC-4E04-9585-B687B60C6957}.Release|Any CPU.Build.0 = Release|Any CPU
		{E95A82D8-5136-4D56-ACF7-F89A9280344F}.Debug|Any CPU.ActiveCfg = Debug|Any CPU
		{E95A82D8-5136-4D56-ACF7-F89A9280344F}.Debug|Any CPU.Build.0 = Debug|Any CPU
		{E95A82D8-5136-4D56-ACF7-F89A9280344F}.Release|Any CPU.ActiveCfg = Release|Any CPU
		{E95A82D8-5136-4D56-ACF7-F89A9280344F}.Release|Any CPU.Build.0 = Release|Any CPU
		{DDE8221E-2E63-4C28-A259-0E4F2EE4C7B5}.Debug|Any CPU.ActiveCfg = Debug|Any CPU
		{DDE8221E-2E63-4C28-A259-0E4F2EE4C7B5}.Debug|Any CPU.Build.0 = Debug|Any CPU
		{DDE8221E-2E63-4C28-A259-0E4F2EE4C7B5}.Release|Any CPU.ActiveCfg = Release|Any CPU
		{DDE8221E-2E63-4C28-A259-0E4F2EE4C7B5}.Release|Any CPU.Build.0 = Release|Any CPU
	EndGlobalSection
	GlobalSection(SolutionProperties) = preSolution
		HideSolutionNode = FALSE
	EndGlobalSection
	GlobalSection(NestedProjects) = preSolution
		{11EFE286-C0A9-4F6F-89FF-D5203C9E54B8} = {75F1EB7A-5716-49B1-BD42-625DF42A5DEE}
		{31B000E2-ADA7-4F32-805C-C152E5391103} = {75F1EB7A-5716-49B1-BD42-625DF42A5DEE}
		{6124C51B-4F67-4BA3-9845-9DEC7A09CBB6} = {75F1EB7A-5716-49B1-BD42-625DF42A5DEE}
		{A48AE881-101D-4038-9205-A20E672EAD8C} = {75F1EB7A-5716-49B1-BD42-625DF42A5DEE}
		{63491D92-5216-4B1A-A9C8-29EE090B0258} = {75F1EB7A-5716-49B1-BD42-625DF42A5DEE}
		{9003CFB2-1E28-4A81-BE42-8F205F5FC561} = {BDA24754-6F69-4980-BCC2-4ADC87FB0F85}
		{8D36C5FB-AA87-413B-B1F0-C551AC75D248} = {BDA24754-6F69-4980-BCC2-4ADC87FB0F85}
		{BF1A10C2-761B-4D8E-BDC5-A2E0758F94E4} = {BDA24754-6F69-4980-BCC2-4ADC87FB0F85}
		{99385414-F4E6-4ECE-9B27-6E403073378C} = {BDA24754-6F69-4980-BCC2-4ADC87FB0F85}
		{4833E2E7-2567-4D47-9C30-227672D24661} = {BDA24754-6F69-4980-BCC2-4ADC87FB0F85}
		{86C97C55-5D26-4D6A-A510-CEAAA08392FE} = {A6DB712D-DB6A-4F5B-8004-51B8D5B3B49E}
		{51798E44-2CAC-4DCB-BB4A-6AC035B9EFA8} = {A6DB712D-DB6A-4F5B-8004-51B8D5B3B49E}
		{13BDDE8F-7954-492F-B667-D8A43A193E58} = {A6DB712D-DB6A-4F5B-8004-51B8D5B3B49E}
		{2FC0388C-6A04-4182-B5B6-337EDC98481D} = {A6DB712D-DB6A-4F5B-8004-51B8D5B3B49E}
		{155EDDEA-32D0-47E0-85A3-3D7079C89C08} = {0C4D2A75-32AF-43E3-8584-2BC26D125C8B}
		{0A26FC3E-39CE-4B4B-9DD3-385B8312A8E8} = {0C4D2A75-32AF-43E3-8584-2BC26D125C8B}
		{B83671CE-A6CC-4E04-9585-B687B60C6957} = {0C4D2A75-32AF-43E3-8584-2BC26D125C8B}
		{E95A82D8-5136-4D56-ACF7-F89A9280344F} = {0C4D2A75-32AF-43E3-8584-2BC26D125C8B}
		{DDE8221E-2E63-4C28-A259-0E4F2EE4C7B5} = {FA3784E8-8F93-4B1E-A524-58A1B56A6ED3}
	EndGlobalSection
	GlobalSection(ExtensibilityGlobals) = postSolution
		SolutionGuid = {D6D9F8E9-61AD-494A-8E4C-75BCCEB18DAF}
	EndGlobalSection
EndGlobal
